
Microsoft Visual Studio Solution File, Format Version 12.00
# Visual Studio Version 17
VisualStudioVersion = 17.7.33920.267
MinimumVisualStudioVersion = 10.0.40219.1
Project("{9A19103F-16F7-4668-BE54-9A1E7A4F7556}") = "FillyFinagler", "FillyFinagler.csproj", "{0CE36641-8C23-4CCA-9223-62B19E32CC1C}"
EndProject
Global
	GlobalSection(SolutionConfigurationPlatforms) = preSolution
		Debug|Any CPU = Debug|Any CPU
		Release|Any CPU = Release|Any CPU
	EndGlobalSection
	GlobalSection(ProjectConfigurationPlatforms) = postSolution
		{0CE36641-8C23-4CCA-9223-62B19E32CC1C}.Debug|Any CPU.ActiveCfg = Debug|Any CPU
		{0CE36641-8C23-4CCA-9223-62B19E32CC1C}.Debug|Any CPU.Build.0 = Debug|Any CPU
		{0CE36641-8C23-4CCA-9223-62B19E32CC1C}.Release|Any CPU.ActiveCfg = Release|Any CPU
		{0CE36641-8C23-4CCA-9223-62B19E32CC1C}.Release|Any CPU.Build.0 = Release|Any CPU
	EndGlobalSection
	GlobalSection(SolutionProperties) = preSolution
		HideSolutionNode = FALSE
	EndGlobalSection
	GlobalSection(ExtensibilityGlobals) = postSolution
		SolutionGuid = {57CA4E86-CE6E-4909-9DDB-6D191BBCDD53}
	EndGlobalSection
EndGlobal
